// !$*UTF8*$!
{
	archiveVersion = 1;
	classes = {
	};
	objectVersion = 56;
	objects = {

/* Begin PBXBuildFile section */
		6A5ED662293F81F60041EAA2 /* TableViewCell2.swift in Sources */ = {isa = PBXBuildFile; fileRef = 6A5ED661293F81F60041EAA2 /* TableViewCell2.swift */; };
		6A8DCCD02938E2A60005B280 /* AppDelegate.swift in Sources */ = {isa = PBXBuildFile; fileRef = 6A8DCCCF2938E2A60005B280 /* AppDelegate.swift */; };
		6A8DCCD22938E2A60005B280 /* SceneDelegate.swift in Sources */ = {isa = PBXBuildFile; fileRef = 6A8DCCD12938E2A60005B280 /* SceneDelegate.swift */; };
		6A8DCCD42938E2A60005B280 /* ViewController.swift in Sources */ = {isa = PBXBuildFile; fileRef = 6A8DCCD32938E2A60005B280 /* ViewController.swift */; };
		6A8DCCD72938E2A60005B280 /* Main.storyboard in Resources */ = {isa = PBXBuildFile; fileRef = 6A8DCCD52938E2A60005B280 /* Main.storyboard */; };
		6A8DCCD92938E2A70005B280 /* Assets.xcassets in Resources */ = {isa = PBXBuildFile; fileRef = 6A8DCCD82938E2A70005B280 /* Assets.xcassets */; };
		6A8DCCDC2938E2A70005B280 /* LaunchScreen.storyboard in Resources */ = {isa = PBXBuildFile; fileRef = 6A8DCCDA2938E2A70005B280 /* LaunchScreen.storyboard */; };
		6A8DCCE72938E2A80005B280 /* GNPSTests.swift in Sources */ = {isa = PBXBuildFile; fileRef = 6A8DCCE62938E2A80005B280 /* GNPSTests.swift */; };
		6A8DCCF12938E2A80005B280 /* GNPSUITests.swift in Sources */ = {isa = PBXBuildFile; fileRef = 6A8DCCF02938E2A80005B280 /* GNPSUITests.swift */; };
		6A8DCCF32938E2A80005B280 /* GNPSUITestsLaunchTests.swift in Sources */ = {isa = PBXBuildFile; fileRef = 6A8DCCF22938E2A80005B280 /* GNPSUITestsLaunchTests.swift */; };
		6A8DCD002938E50C0005B280 /* ViewControllerAdd.swift in Sources */ = {isa = PBXBuildFile; fileRef = 6A8DCCFF2938E50C0005B280 /* ViewControllerAdd.swift */; };
		6A8DCD062938E61D0005B280 /* ViewControllerSelected.swift in Sources */ = {isa = PBXBuildFile; fileRef = 6A8DCD052938E61D0005B280 /* ViewControllerSelected.swift */; };
		FF10F64A293A3A55002CA8F4 /* Saxes.swift in Sources */ = {isa = PBXBuildFile; fileRef = FF10F649293A3A55002CA8F4 /* Saxes.swift */; };
/* End PBXBuildFile section */

/* Begin PBXContainerItemProxy section */
		6A8DCCE32938E2A80005B280 /* PBXContainerItemProxy */ = {
			isa = PBXContainerItemProxy;
			containerPortal = 6A8DCCC42938E2A60005B280 /* Project object */;
			proxyType = 1;
			remoteGlobalIDString = 6A8DCCCB2938E2A60005B280;
			remoteInfo = GNPS;
		};
		6A8DCCED2938E2A80005B280 /* PBXContainerItemProxy */ = {
			isa = PBXContainerItemProxy;
			containerPortal = 6A8DCCC42938E2A60005B280 /* Project object */;
			proxyType = 1;
			remoteGlobalIDString = 6A8DCCCB2938E2A60005B280;
			remoteInfo = GNPS;
		};
/* End PBXContainerItemProxy section */

/* Begin PBXFileReference section */
		6A5ED661293F81F60041EAA2 /* TableViewCell2.swift */ = {isa = PBXFileReference; lastKnownFileType = sourcecode.swift; path = TableViewCell2.swift; sourceTree = "<group>"; };
		6A8DCCCC2938E2A60005B280 /* GNPS.app */ = {isa = PBXFileReference; explicitFileType = wrapper.application; includeInIndex = 0; path = GNPS.app; sourceTree = BUILT_PRODUCTS_DIR; };
		6A8DCCCF2938E2A60005B280 /* AppDelegate.swift */ = {isa = PBXFileReference; lastKnownFileType = sourcecode.swift; path = AppDelegate.swift; sourceTree = "<group>"; };
		6A8DCCD12938E2A60005B280 /* SceneDelegate.swift */ = {isa = PBXFileReference; lastKnownFileType = sourcecode.swift; path = SceneDelegate.swift; sourceTree = "<group>"; };
		6A8DCCD32938E2A60005B280 /* ViewController.swift */ = {isa = PBXFileReference; lastKnownFileType = sourcecode.swift; path = ViewController.swift; sourceTree = "<group>"; };
		6A8DCCD62938E2A60005B280 /* Base */ = {isa = PBXFileReference; lastKnownFileType = file.storyboard; name = Base; path = Base.lproj/Main.storyboard; sourceTree = "<group>"; };
		6A8DCCD82938E2A70005B280 /* Assets.xcassets */ = {isa = PBXFileReference; lastKnownFileType = folder.assetcatalog; path = Assets.xcassets; sourceTree = "<group>"; };
		6A8DCCDB2938E2A70005B280 /* Base */ = {isa = PBXFileReference; lastKnownFileType = file.storyboard; name = Base; path = Base.lproj/LaunchScreen.storyboard; sourceTree = "<group>"; };
		6A8DCCDD2938E2A70005B280 /* Info.plist */ = {isa = PBXFileReference; lastKnownFileType = text.plist.xml; path = Info.plist; sourceTree = "<group>"; };
		6A8DCCE22938E2A80005B280 /* GNPSTests.xctest */ = {isa = PBXFileReference; explicitFileType = wrapper.cfbundle; includeInIndex = 0; path = GNPSTests.xctest; sourceTree = BUILT_PRODUCTS_DIR; };
		6A8DCCE62938E2A80005B280 /* GNPSTests.swift */ = {isa = PBXFileReference; lastKnownFileType = sourcecode.swift; path = GNPSTests.swift; sourceTree = "<group>"; };
		6A8DCCEC2938E2A80005B280 /* GNPSUITests.xctest */ = {isa = PBXFileReference; explicitFileType = wrapper.cfbundle; includeInIndex = 0; path = GNPSUITests.xctest; sourceTree = BUILT_PRODUCTS_DIR; };
		6A8DCCF02938E2A80005B280 /* GNPSUITests.swift */ = {isa = PBXFileReference; lastKnownFileType = sourcecode.swift; path = GNPSUITests.swift; sourceTree = "<group>"; };
		6A8DCCF22938E2A80005B280 /* GNPSUITestsLaunchTests.swift */ = {isa = PBXFileReference; lastKnownFileType = sourcecode.swift; path = GNPSUITestsLaunchTests.swift; sourceTree = "<group>"; };
		6A8DCCFF2938E50C0005B280 /* ViewControllerAdd.swift */ = {isa = PBXFileReference; lastKnownFileType = sourcecode.swift; path = ViewControllerAdd.swift; sourceTree = "<group>"; };
		6A8DCD052938E61D0005B280 /* ViewControllerSelected.swift */ = {isa = PBXFileReference; lastKnownFileType = sourcecode.swift; path = ViewControllerSelected.swift; sourceTree = "<group>"; };
		FF10F649293A3A55002CA8F4 /* Saxes.swift */ = {isa = PBXFileReference; lastKnownFileType = sourcecode.swift; path = Saxes.swift; sourceTree = "<group>"; };
/* End PBXFileReference section */

/* Begin PBXFrameworksBuildPhase section */
		6A8DCCC92938E2A60005B280 /* Frameworks */ = {
			isa = PBXFrameworksBuildPhase;
			buildActionMask = 2147483647;
			files = (
			);
			runOnlyForDeploymentPostprocessing = 0;
		};
		6A8DCCDF2938E2A80005B280 /* Frameworks */ = {
			isa = PBXFrameworksBuildPhase;
			buildActionMask = 2147483647;
			files = (
			);
			runOnlyForDeploymentPostprocessing = 0;
		};
		6A8DCCE92938E2A80005B280 /* Frameworks */ = {
			isa = PBXFrameworksBuildPhase;
			buildActionMask = 2147483647;
			files = (
			);
			runOnlyForDeploymentPostprocessing = 0;
		};
/* End PBXFrameworksBuildPhase section */

/* Begin PBXGroup section */
		6A8DCCC32938E2A60005B280 = {
			isa = PBXGroup;
			children = (
				6A8DCCCE2938E2A60005B280 /* GNPS */,
				6A8DCCE52938E2A80005B280 /* GNPSTests */,
				6A8DCCEF2938E2A80005B280 /* GNPSUITests */,
				6A8DCCCD2938E2A60005B280 /* Products */,
			);
			sourceTree = "<group>";
		};
		6A8DCCCD2938E2A60005B280 /* Products */ = {
			isa = PBXGroup;
			children = (
				6A8DCCCC2938E2A60005B280 /* GNPS.app */,
				6A8DCCE22938E2A80005B280 /* GNPSTests.xctest */,
				6A8DCCEC2938E2A80005B280 /* GNPSUITests.xctest */,
			);
			name = Products;
			sourceTree = "<group>";
		};
		6A8DCCCE2938E2A60005B280 /* GNPS */ = {
			isa = PBXGroup;
			children = (
				6A8DCCCF2938E2A60005B280 /* AppDelegate.swift */,
				6A8DCCD12938E2A60005B280 /* SceneDelegate.swift */,
				6A8DCCD32938E2A60005B280 /* ViewController.swift */,
				FF10F649293A3A55002CA8F4 /* Saxes.swift */,
				6A8DCCD52938E2A60005B280 /* Main.storyboard */,
				6A8DCD052938E61D0005B280 /* ViewControllerSelected.swift */,
				6A5ED661293F81F60041EAA2 /* TableViewCell2.swift */,
				6A8DCCFF2938E50C0005B280 /* ViewControllerAdd.swift */,
				6A8DCCD82938E2A70005B280 /* Assets.xcassets */,
				6A8DCCDA2938E2A70005B280 /* LaunchScreen.storyboard */,
				6A8DCCDD2938E2A70005B280 /* Info.plist */,
			);
			path = GNPS;
			sourceTree = "<group>";
		};
		6A8DCCE52938E2A80005B280 /* GNPSTests */ = {
			isa = PBXGroup;
			children = (
				6A8DCCE62938E2A80005B280 /* GNPSTests.swift */,
			);
			path = GNPSTests;
			sourceTree = "<group>";
		};
		6A8DCCEF2938E2A80005B280 /* GNPSUITests */ = {
			isa = PBXGroup;
			children = (
				6A8DCCF02938E2A80005B280 /* GNPSUITests.swift */,
				6A8DCCF22938E2A80005B280 /* GNPSUITestsLaunchTests.swift */,
			);
			path = GNPSUITests;
			sourceTree = "<group>";
		};
/* End PBXGroup section */

/* Begin PBXNativeTarget section */
		6A8DCCCB2938E2A60005B280 /* GNPS */ = {
			isa = PBXNativeTarget;
			buildConfigurationList = 6A8DCCF62938E2A80005B280 /* Build configuration list for PBXNativeTarget "GNPS" */;
			buildPhases = (
				6A8DCCC82938E2A60005B280 /* Sources */,
				6A8DCCC92938E2A60005B280 /* Frameworks */,
				6A8DCCCA2938E2A60005B280 /* Resources */,
			);
			buildRules = (
			);
			dependencies = (
			);
			name = GNPS;
			productName = GNPS;
			productReference = 6A8DCCCC2938E2A60005B280 /* GNPS.app */;
			productType = "com.apple.product-type.application";
		};
		6A8DCCE12938E2A80005B280 /* GNPSTests */ = {
			isa = PBXNativeTarget;
			buildConfigurationList = 6A8DCCF92938E2A80005B280 /* Build configuration list for PBXNativeTarget "GNPSTests" */;
			buildPhases = (
				6A8DCCDE2938E2A80005B280 /* Sources */,
				6A8DCCDF2938E2A80005B280 /* Frameworks */,
				6A8DCCE02938E2A80005B280 /* Resources */,
			);
			buildRules = (
			);
			dependencies = (
				6A8DCCE42938E2A80005B280 /* PBXTargetDependency */,
			);
			name = GNPSTests;
			productName = GNPSTests;
			productReference = 6A8DCCE22938E2A80005B280 /* GNPSTests.xctest */;
			productType = "com.apple.product-type.bundle.unit-test";
		};
		6A8DCCEB2938E2A80005B280 /* GNPSUITests */ = {
			isa = PBXNativeTarget;
			buildConfigurationList = 6A8DCCFC2938E2A80005B280 /* Build configuration list for PBXNativeTarget "GNPSUITests" */;
			buildPhases = (
				6A8DCCE82938E2A80005B280 /* Sources */,
				6A8DCCE92938E2A80005B280 /* Frameworks */,
				6A8DCCEA2938E2A80005B280 /* Resources */,
			);
			buildRules = (
			);
			dependencies = (
				6A8DCCEE2938E2A80005B280 /* PBXTargetDependency */,
			);
			name = GNPSUITests;
			productName = GNPSUITests;
			productReference = 6A8DCCEC2938E2A80005B280 /* GNPSUITests.xctest */;
			productType = "com.apple.product-type.bundle.ui-testing";
		};
/* End PBXNativeTarget section */

/* Begin PBXProject section */
		6A8DCCC42938E2A60005B280 /* Project object */ = {
			isa = PBXProject;
			attributes = {
				BuildIndependentTargetsInParallel = 1;
				LastSwiftUpdateCheck = 1400;
				LastUpgradeCheck = 1400;
				TargetAttributes = {
					6A8DCCCB2938E2A60005B280 = {
						CreatedOnToolsVersion = 14.0.1;
					};
					6A8DCCE12938E2A80005B280 = {
						CreatedOnToolsVersion = 14.0.1;
						TestTargetID = 6A8DCCCB2938E2A60005B280;
					};
					6A8DCCEB2938E2A80005B280 = {
						CreatedOnToolsVersion = 14.0.1;
						TestTargetID = 6A8DCCCB2938E2A60005B280;
					};
				};
			};
			buildConfigurationList = 6A8DCCC72938E2A60005B280 /* Build configuration list for PBXProject "GNPS" */;
			compatibilityVersion = "Xcode 14.0";
			developmentRegion = en;
			hasScannedForEncodings = 0;
			knownRegions = (
				en,
				Base,
			);
			mainGroup = 6A8DCCC32938E2A60005B280;
			productRefGroup = 6A8DCCCD2938E2A60005B280 /* Products */;
			projectDirPath = "";
			projectRoot = "";
			targets = (
				6A8DCCCB2938E2A60005B280 /* GNPS */,
				6A8DCCE12938E2A80005B280 /* GNPSTests */,
				6A8DCCEB2938E2A80005B280 /* GNPSUITests */,
			);
		};
/* End PBXProject section */

/* Begin PBXResourcesBuildPhase section */
		6A8DCCCA2938E2A60005B280 /* Resources */ = {
			isa = PBXResourcesBuildPhase;
			buildActionMask = 2147483647;
			files = (
				6A8DCCDC2938E2A70005B280 /* LaunchScreen.storyboard in Resources */,
				6A8DCCD92938E2A70005B280 /* Assets.xcassets in Resources */,
				6A8DCCD72938E2A60005B280 /* Main.storyboard in Resources */,
			);
			runOnlyForDeploymentPostprocessing = 0;
		};
		6A8DCCE02938E2A80005B280 /* Resources */ = {
			isa = PBXResourcesBuildPhase;
			buildActionMask = 2147483647;
			files = (
			);
			runOnlyForDeploymentPostprocessing = 0;
		};
		6A8DCCEA2938E2A80005B280 /* Resources */ = {
			isa = PBXResourcesBuildPhase;
			buildActionMask = 2147483647;
			files = (
			);
			runOnlyForDeploymentPostprocessing = 0;
		};
/* End PBXResourcesBuildPhase section */

/* Begin PBXSourcesBuildPhase section */
		6A8DCCC82938E2A60005B280 /* Sources */ = {
			isa = PBXSourcesBuildPhase;
			buildActionMask = 2147483647;
			files = (
				6A8DCCD42938E2A60005B280 /* ViewController.swift in Sources */,
				FF10F64A293A3A55002CA8F4 /* Saxes.swift in Sources */,
				6A8DCCD02938E2A60005B280 /* AppDelegate.swift in Sources */,
				6A5ED662293F81F60041EAA2 /* TableViewCell2.swift in Sources */,
				6A8DCD002938E50C0005B280 /* ViewControllerAdd.swift in Sources */,
				6A8DCCD22938E2A60005B280 /* SceneDelegate.swift in Sources */,
				6A8DCD062938E61D0005B280 /* ViewControllerSelected.swift in Sources */,
			);
			runOnlyForDeploymentPostprocessing = 0;
		};
		6A8DCCDE2938E2A80005B280 /* Sources */ = {
			isa = PBXSourcesBuildPhase;
			buildActionMask = 2147483647;
			files = (
				6A8DCCE72938E2A80005B280 /* GNPSTests.swift in Sources */,
			);
			runOnlyForDeploymentPostprocessing = 0;
		};
		6A8DCCE82938E2A80005B280 /* Sources */ = {
			isa = PBXSourcesBuildPhase;
			buildActionMask = 2147483647;
			files = (
				6A8DCCF32938E2A80005B280 /* GNPSUITestsLaunchTests.swift in Sources */,
				6A8DCCF12938E2A80005B280 /* GNPSUITests.swift in Sources */,
			);
			runOnlyForDeploymentPostprocessing = 0;
		};
/* End PBXSourcesBuildPhase section */

/* Begin PBXTargetDependency section */
		6A8DCCE42938E2A80005B280 /* PBXTargetDependency */ = {
			isa = PBXTargetDependency;
			target = 6A8DCCCB2938E2A60005B280 /* GNPS */;
			targetProxy = 6A8DCCE32938E2A80005B280 /* PBXContainerItemProxy */;
		};
		6A8DCCEE2938E2A80005B280 /* PBXTargetDependency */ = {
			isa = PBXTargetDependency;
			target = 6A8DCCCB2938E2A60005B280 /* GNPS */;
			targetProxy = 6A8DCCED2938E2A80005B280 /* PBXContainerItemProxy */;
		};
/* End PBXTargetDependency section */

/* Begin PBXVariantGroup section */
		6A8DCCD52938E2A60005B280 /* Main.storyboard */ = {
			isa = PBXVariantGroup;
			children = (
				6A8DCCD62938E2A60005B280 /* Base */,
			);
			name = Main.storyboard;
			sourceTree = "<group>";
		};
		6A8DCCDA2938E2A70005B280 /* LaunchScreen.storyboard */ = {
			isa = PBXVariantGroup;
			children = (
				6A8DCCDB2938E2A70005B280 /* Base */,
			);
			name = LaunchScreen.storyboard;
			sourceTree = "<group>";
		};
/* End PBXVariantGroup section */

/* Begin XCBuildConfiguration section */
		6A8DCCF42938E2A80005B280 /* Debug */ = {
			isa = XCBuildConfiguration;
			buildSettings = {
				ALWAYS_SEARCH_USER_PATHS = NO;
				CLANG_ANALYZER_NONNULL = YES;
				CLANG_ANALYZER_NUMBER_OBJECT_CONVERSION = YES_AGGRESSIVE;
				CLANG_CXX_LANGUAGE_STANDARD = "gnu++20";
				CLANG_ENABLE_MODULES = YES;
				CLANG_ENABLE_OBJC_ARC = YES;
				CLANG_ENABLE_OBJC_WEAK = YES;
				CLANG_WARN_BLOCK_CAPTURE_AUTORELEASING = YES;
				CLANG_WARN_BOOL_CONVERSION = YES;
				CLANG_WARN_COMMA = YES;
				CLANG_WARN_CONSTANT_CONVERSION = YES;
				CLANG_WARN_DEPRECATED_OBJC_IMPLEMENTATIONS = YES;
				CLANG_WARN_DIRECT_OBJC_ISA_USAGE = YES_ERROR;
				CLANG_WARN_DOCUMENTATION_COMMENTS = YES;
				CLANG_WARN_EMPTY_BODY = YES;
				CLANG_WARN_ENUM_CONVERSION = YES;
				CLANG_WARN_INFINITE_RECURSION = YES;
				CLANG_WARN_INT_CONVERSION = YES;
				CLANG_WARN_NON_LITERAL_NULL_CONVERSION = YES;
				CLANG_WARN_OBJC_IMPLICIT_RETAIN_SELF = YES;
				CLANG_WARN_OBJC_LITERAL_CONVERSION = YES;
				CLANG_WARN_OBJC_ROOT_CLASS = YES_ERROR;
				CLANG_WARN_QUOTED_INCLUDE_IN_FRAMEWORK_HEADER = YES;
				CLANG_WARN_RANGE_LOOP_ANALYSIS = YES;
				CLANG_WARN_STRICT_PROTOTYPES = YES;
				CLANG_WARN_SUSPICIOUS_MOVE = YES;
				CLANG_WARN_UNGUARDED_AVAILABILITY = YES_AGGRESSIVE;
				CLANG_WARN_UNREACHABLE_CODE = YES;
				CLANG_WARN__DUPLICATE_METHOD_MATCH = YES;
				COPY_PHASE_STRIP = NO;
				DEBUG_INFORMATION_FORMAT = dwarf;
				ENABLE_STRICT_OBJC_MSGSEND = YES;
				ENABLE_TESTABILITY = YES;
				GCC_C_LANGUAGE_STANDARD = gnu11;
				GCC_DYNAMIC_NO_PIC = NO;
				GCC_NO_COMMON_BLOCKS = YES;
				GCC_OPTIMIZATION_LEVEL = 0;
				GCC_PREPROCESSOR_DEFINITIONS = (
					"DEBUG=1",
					"$(inherited)",
				);
				GCC_WARN_64_TO_32_BIT_CONVERSION = YES;
				GCC_WARN_ABOUT_RETURN_TYPE = YES_ERROR;
				GCC_WARN_UNDECLARED_SELECTOR = YES;
				GCC_WARN_UNINITIALIZED_AUTOS = YES_AGGRESSIVE;
				GCC_WARN_UNUSED_FUNCTION = YES;
				GCC_WARN_UNUSED_VARIABLE = YES;
				IPHONEOS_DEPLOYMENT_TARGET = 16.0;
				MTL_ENABLE_DEBUG_INFO = INCLUDE_SOURCE;
				MTL_FAST_MATH = YES;
				ONLY_ACTIVE_ARCH = YES;
				SDKROOT = iphoneos;
				SWIFT_ACTIVE_COMPILATION_CONDITIONS = DEBUG;
				SWIFT_OPTIMIZATION_LEVEL = "-Onone";
			};
			name = Debug;
		};
		6A8DCCF52938E2A80005B280 /* Release */ = {
			isa = XCBuildConfiguration;
			buildSettings = {
				ALWAYS_SEARCH_USER_PATHS = NO;
				CLANG_ANALYZER_NONNULL = YES;
				CLANG_ANALYZER_NUMBER_OBJECT_CONVERSION = YES_AGGRESSIVE;
				CLANG_CXX_LANGUAGE_STANDARD = "gnu++20";
				CLANG_ENABLE_MODULES = YES;
				CLANG_ENABLE_OBJC_ARC = YES;
				CLANG_ENABLE_OBJC_WEAK = YES;
				CLANG_WARN_BLOCK_CAPTURE_AUTORELEASING = YES;
				CLANG_WARN_BOOL_CONVERSION = YES;
				CLANG_WARN_COMMA = YES;
				CLANG_WARN_CONSTANT_CONVERSION = YES;
				CLANG_WARN_DEPRECATED_OBJC_IMPLEMENTATIONS = YES;
				CLANG_WARN_DIRECT_OBJC_ISA_USAGE = YES_ERROR;
				CLANG_WARN_DOCUMENTATION_COMMENTS = YES;
				CLANG_WARN_EMPTY_BODY = YES;
				CLANG_WARN_ENUM_CONVERSION = YES;
				CLANG_WARN_INFINITE_RECURSION = YES;
				CLANG_WARN_INT_CONVERSION = YES;
				CLANG_WARN_NON_LITERAL_NULL_CONVERSION = YES;
				CLANG_WARN_OBJC_IMPLICIT_RETAIN_SELF = YES;
				CLANG_WARN_OBJC_LITERAL_CONVERSION = YES;
				CLANG_WARN_OBJC_ROOT_CLASS = YES_ERROR;
				CLANG_WARN_QUOTED_INCLUDE_IN_FRAMEWORK_HEADER = YES;
				CLANG_WARN_RANGE_LOOP_ANALYSIS = YES;
				CLANG_WARN_STRICT_PROTOTYPES = YES;
				CLANG_WARN_SUSPICIOUS_MOVE = YES;
				CLANG_WARN_UNGUARDED_AVAILABILITY = YES_AGGRESSIVE;
				CLANG_WARN_UNREACHABLE_CODE = YES;
				CLANG_WARN__DUPLICATE_METHOD_MATCH = YES;
				COPY_PHASE_STRIP = NO;
				DEBUG_INFORMATION_FORMAT = "dwarf-with-dsym";
				ENABLE_NS_ASSERTIONS = NO;
				ENABLE_STRICT_OBJC_MSGSEND = YES;
				GCC_C_LANGUAGE_STANDARD = gnu11;
				GCC_NO_COMMON_BLOCKS = YES;
				GCC_WARN_64_TO_32_BIT_CONVERSION = YES;
				GCC_WARN_ABOUT_RETURN_TYPE = YES_ERROR;
				GCC_WARN_UNDECLARED_SELECTOR = YES;
				GCC_WARN_UNINITIALIZED_AUTOS = YES_AGGRESSIVE;
				GCC_WARN_UNUSED_FUNCTION = YES;
				GCC_WARN_UNUSED_VARIABLE = YES;
				IPHONEOS_DEPLOYMENT_TARGET = 16.0;
				MTL_ENABLE_DEBUG_INFO = NO;
				MTL_FAST_MATH = YES;
				SDKROOT = iphoneos;
				SWIFT_COMPILATION_MODE = wholemodule;
				SWIFT_OPTIMIZATION_LEVEL = "-O";
				VALIDATE_PRODUCT = YES;
			};
			name = Release;
		};
		6A8DCCF72938E2A80005B280 /* Debug */ = {
			isa = XCBuildConfiguration;
			buildSettings = {
				ASSETCATALOG_COMPILER_APPICON_NAME = AppIcon;
				ASSETCATALOG_COMPILER_GLOBAL_ACCENT_COLOR_NAME = AccentColor;
				CODE_SIGN_STYLE = Automatic;
				CURRENT_PROJECT_VERSION = 1;
				DEVELOPMENT_TEAM = J5VT592MMS;
				GENERATE_INFOPLIST_FILE = YES;
				INFOPLIST_FILE = GNPS/Info.plist;
				INFOPLIST_KEY_UIApplicationSupportsIndirectInputEvents = YES;
				INFOPLIST_KEY_UILaunchStoryboardName = LaunchScreen;
				INFOPLIST_KEY_UIMainStoryboardFile = Main;
				INFOPLIST_KEY_UISupportedInterfaceOrientations_iPad = "UIInterfaceOrientationPortrait UIInterfaceOrientationPortraitUpsideDown UIInterfaceOrientationLandscapeLeft UIInterfaceOrientationLandscapeRight";
				INFOPLIST_KEY_UISupportedInterfaceOrientations_iPhone = "UIInterfaceOrientationPortrait UIInterfaceOrientationLandscapeLeft UIInterfaceOrientationLandscapeRight";
				LD_RUNPATH_SEARCH_PATHS = (
					"$(inherited)",
					"@executable_path/Frameworks",
				);
				MARKETING_VERSION = 1.0;
				PRODUCT_BUNDLE_IDENTIFIER = CLC.GNPS;
				PRODUCT_NAME = "$(TARGET_NAME)";
				SWIFT_EMIT_LOC_STRINGS = YES;
				SWIFT_VERSION = 5.0;
				TARGETED_DEVICE_FAMILY = "1,2";
			};
			name = Debug;
		};
		6A8DCCF82938E2A80005B280 /* Release */ = {
			isa = XCBuildConfiguration;
			buildSettings = {
				ASSETCATALOG_COMPILER_APPICON_NAME = AppIcon;
				ASSETCATALOG_COMPILER_GLOBAL_ACCENT_COLOR_NAME = AccentColor;
				CODE_SIGN_STYLE = Automatic;
				CURRENT_PROJECT_VERSION = 1;
				DEVELOPMENT_TEAM = J5VT592MMS;
				GENERATE_INFOPLIST_FILE = YES;
				INFOPLIST_FILE = GNPS/Info.plist;
				INFOPLIST_KEY_UIApplicationSupportsIndirectInputEvents = YES;
				INFOPLIST_KEY_UILaunchStoryboardName = LaunchScreen;
				INFOPLIST_KEY_UIMainStoryboardFile = Main;
				INFOPLIST_KEY_UISupportedInterfaceOrientations_iPad = "UIInterfaceOrientationPortrait UIInterfaceOrientationPortraitUpsideDown UIInterfaceOrientationLandscapeLeft UIInterfaceOrientationLandscapeRight";
				INFOPLIST_KEY_UISupportedInterfaceOrientations_iPhone = "UIInterfaceOrientationPortrait UIInterfaceOrientationLandscapeLeft UIInterfaceOrientationLandscapeRight";
				LD_RUNPATH_SEARCH_PATHS = (
					"$(inherited)",
					"@executable_path/Frameworks",
				);
				MARKETING_VERSION = 1.0;
				PRODUCT_BUNDLE_IDENTIFIER = CLC.GNPS;
				PRODUCT_NAME = "$(TARGET_NAME)";
				SWIFT_EMIT_LOC_STRINGS = YES;
				SWIFT_VERSION = 5.0;
				TARGETED_DEVICE_FAMILY = "1,2";
			};
			name = Release;
		};
		6A8DCCFA2938E2A80005B280 /* Debug */ = {
			isa = XCBuildConfiguration;
			buildSettings = {
				ALWAYS_EMBED_SWIFT_STANDARD_LIBRARIES = YES;
				BUNDLE_LOADER = "$(TEST_HOST)";
				CODE_SIGN_STYLE = Automatic;
				CURRENT_PROJECT_VERSION = 1;
				DEVELOPMENT_TEAM = J5VT592MMS;
				GENERATE_INFOPLIST_FILE = YES;
				IPHONEOS_DEPLOYMENT_TARGET = 16.0;
				MARKETING_VERSION = 1.0;
				PRODUCT_BUNDLE_IDENTIFIER = CLC.GNPSTests;
				PRODUCT_NAME = "$(TARGET_NAME)";
				SWIFT_EMIT_LOC_STRINGS = NO;
				SWIFT_VERSION = 5.0;
				TARGETED_DEVICE_FAMILY = "1,2";
				TEST_HOST = "$(BUILT_PRODUCTS_DIR)/GNPS.app/$(BUNDLE_EXECUTABLE_FOLDER_PATH)/GNPS";
			};
			name = Debug;
		};
		6A8DCCFB2938E2A80005B280 /* Release */ = {
			isa = XCBuildConfiguration;
			buildSettings = {
				ALWAYS_EMBED_SWIFT_STANDARD_LIBRARIES = YES;
				BUNDLE_LOADER = "$(TEST_HOST)";
				CODE_SIGN_STYLE = Automatic;
				CURRENT_PROJECT_VERSION = 1;
				DEVELOPMENT_TEAM = J5VT592MMS;
				GENERATE_INFOPLIST_FILE = YES;
				IPHONEOS_DEPLOYMENT_TARGET = 16.0;
				MARKETING_VERSION = 1.0;
				PRODUCT_BUNDLE_IDENTIFIER = CLC.GNPSTests;
				PRODUCT_NAME = "$(TARGET_NAME)";
				SWIFT_EMIT_LOC_STRINGS = NO;
				SWIFT_VERSION = 5.0;
				TARGETED_DEVICE_FAMILY = "1,2";
				TEST_HOST = "$(BUILT_PRODUCTS_DIR)/GNPS.app/$(BUNDLE_EXECUTABLE_FOLDER_PATH)/GNPS";
			};
			name = Release;
		};
		6A8DCCFD2938E2A80005B280 /* Debug */ = {
			isa = XCBuildConfiguration;
			buildSettings = {
				ALWAYS_EMBED_SWIFT_STANDARD_LIBRARIES = YES;
				CODE_SIGN_STYLE = Automatic;
				CURRENT_PROJECT_VERSION = 1;
				DEVELOPMENT_TEAM = J5VT592MMS;
				GENERATE_INFOPLIST_FILE = YES;
				MARKETING_VERSION = 1.0;
				PRODUCT_BUNDLE_IDENTIFIER = CLC.GNPSUITests;
				PRODUCT_NAME = "$(TARGET_NAME)";
				SWIFT_EMIT_LOC_STRINGS = NO;
				SWIFT_VERSION = 5.0;
				TARGETED_DEVICE_FAMILY = "1,2";
				TEST_TARGET_NAME = GNPS;
			};
			name = Debug;
		};
		6A8DCCFE2938E2A80005B280 /* Release */ = {
			isa = XCBuildConfiguration;
			buildSettings = {
				ALWAYS_EMBED_SWIFT_STANDARD_LIBRARIES = YES;
				CODE_SIGN_STYLE = Automatic;
				CURRENT_PROJECT_VERSION = 1;
				DEVELOPMENT_TEAM = J5VT592MMS;
				GENERATE_INFOPLIST_FILE = YES;
				MARKETING_VERSION = 1.0;
				PRODUCT_BUNDLE_IDENTIFIER = CLC.GNPSUITests;
				PRODUCT_NAME = "$(TARGET_NAME)";
				SWIFT_EMIT_LOC_STRINGS = NO;
				SWIFT_VERSION = 5.0;
				TARGETED_DEVICE_FAMILY = "1,2";
				TEST_TARGET_NAME = GNPS;
			};
			name = Release;
		};
/* End XCBuildConfiguration section */

/* Begin XCConfigurationList section */
		6A8DCCC72938E2A60005B280 /* Build configuration list for PBXProject "GNPS" */ = {
			isa = XCConfigurationList;
			buildConfigurations = (
				6A8DCCF42938E2A80005B280 /* Debug */,
				6A8DCCF52938E2A80005B280 /* Release */,
			);
			defaultConfigurationIsVisible = 0;
			defaultConfigurationName = Release;
		};
		6A8DCCF62938E2A80005B280 /* Build configuration list for PBXNativeTarget "GNPS" */ = {
			isa = XCConfigurationList;
			buildConfigurations = (
				6A8DCCF72938E2A80005B280 /* Debug */,
				6A8DCCF82938E2A80005B280 /* Release */,
			);
			defaultConfigurationIsVisible = 0;
			defaultConfigurationName = Release;
		};
		6A8DCCF92938E2A80005B280 /* Build configuration list for PBXNativeTarget "GNPSTests" */ = {
			isa = XCConfigurationList;
			buildConfigurations = (
				6A8DCCFA2938E2A80005B280 /* Debug */,
				6A8DCCFB2938E2A80005B280 /* Release */,
			);
			defaultConfigurationIsVisible = 0;
			defaultConfigurationName = Release;
		};
		6A8DCCFC2938E2A80005B280 /* Build configuration list for PBXNativeTarget "GNPSUITests" */ = {
			isa = XCConfigurationList;
			buildConfigurations = (
				6A8DCCFD2938E2A80005B280 /* Debug */,
				6A8DCCFE2938E2A80005B280 /* Release */,
			);
			defaultConfigurationIsVisible = 0;
			defaultConfigurationName = Release;
		};
/* End XCConfigurationList section */
	};
	rootObject = 6A8DCCC42938E2A60005B280 /* Project object */;
}
